
Microsoft Visual Studio Solution File, Format Version 12.00
# Visual Studio Version 17
VisualStudioVersion = 17.6.33815.320
MinimumVisualStudioVersion = 10.0.40219.1
Project("{FAE04EC0-301F-11D3-BF4B-00C04F79EFBC}") = "Ikinci_Dereceden_Denklemlerin_Koklerini_Bulma", "Ikinci_Dereceden_Denklemlerin_Koklerini_Bulma\Ikinci_Dereceden_Denklemlerin_Koklerini_Bulma.csproj", "{78EB465F-BE51-49D3-883A-8A0E938BC95D}"
EndProject
Global
	GlobalSection(SolutionConfigurationPlatforms) = preSolution
		Debug|Any CPU = Debug|Any CPU
		Release|Any CPU = Release|Any CPU
	EndGlobalSection
	GlobalSection(ProjectConfigurationPlatforms) = postSolution
		{78EB465F-BE51-49D3-883A-8A0E938BC95D}.Debug|Any CPU.ActiveCfg = Debug|Any CPU
		{78EB465F-BE51-49D3-883A-8A0E938BC95D}.Debug|Any CPU.Build.0 = Debug|Any CPU
		{78EB465F-BE51-49D3-883A-8A0E938BC95D}.Release|Any CPU.ActiveCfg = Release|Any CPU
		{78EB465F-BE51-49D3-883A-8A0E938BC95D}.Release|Any CPU.Build.0 = Release|Any CPU
	EndGlobalSection
	GlobalSection(SolutionProperties) = preSolution
		HideSolutionNode = FALSE
	EndGlobalSection
	GlobalSection(ExtensibilityGlobals) = postSolution
		SolutionGuid = {31E35DE3-62A4-4B82-8C40-40CEC9F3FE90}
	EndGlobalSection
EndGlobal
